
Microsoft Visual Studio Solution File, Format Version 12.00
# Visual Studio Version 17
VisualStudioVersion = 17.6.33829.357
MinimumVisualStudioVersion = 10.0.40219.1
Project("{FAE04EC0-301F-11D3-BF4B-00C04F79EFBC}") = "Casgem_Mediator", "Casgem_Mediator\Casgem_Mediator.csproj", "{ECEBBE60-C47A-43BA-BE34-4E27E1BD654D}"
EndProject
Global
	GlobalSection(SolutionConfigurationPlatforms) = preSolution
		Debug|Any CPU = Debug|Any CPU
		Release|Any CPU = Release|Any CPU
	EndGlobalSection
	GlobalSection(ProjectConfigurationPlatforms) = postSolution
		{ECEBBE60-C47A-43BA-BE34-4E27E1BD654D}.Debug|Any CPU.ActiveCfg = Debug|Any CPU
		{ECEBBE60-C47A-43BA-BE34-4E27E1BD654D}.Debug|Any CPU.Build.0 = Debug|Any CPU
		{ECEBBE60-C47A-43BA-BE34-4E27E1BD654D}.Release|Any CPU.ActiveCfg = Release|Any CPU
		{ECEBBE60-C47A-43BA-BE34-4E27E1BD654D}.Release|Any CPU.Build.0 = Release|Any CPU
	EndGlobalSection
	GlobalSection(SolutionProperties) = preSolution
		HideSolutionNode = FALSE
	EndGlobalSection
	GlobalSection(ExtensibilityGlobals) = postSolution
		SolutionGuid = {380DFF15-AFC1-46AB-828B-06770E78C76B}
	EndGlobalSection
EndGlobal
